Microsoft Visual Studio Solution File, Format Version 11.00
# Visual Studio 2008

Project("{76E20FCD-042F-B264-9339-869448F23D73}") = "RPG Attempt", "Assembly-CSharp.csproj", "{CF050007-CD04-BF8D-5DD0-736688762BA2}"
EndProject
Project("{76E20FCD-042F-B264-9339-869448F23D73}") = "RPG Attempt", "Assembly-CSharp-Editor.csproj", "{358CF216-1061-7D16-2A12-617A7BAF2126}"
EndProject
Global
	GlobalSection(SolutionConfigurationPlatforms) = preSolution
		Debug|Any CPU = Debug|Any CPU
		Release|Any CPU = Release|Any CPU
	EndGlobalSection
	GlobalSection(ProjectConfigurationPlatforms) = postSolution
		{CF050007-CD04-BF8D-5DD0-736688762BA2}.Debug|Any CPU.ActiveCfg = Debug|Any CPU
		{CF050007-CD04-BF8D-5DD0-736688762BA2}.Debug|Any CPU.Build.0 = Debug|Any CPU
		{CF050007-CD04-BF8D-5DD0-736688762BA2}.Release|Any CPU.ActiveCfg = Release|Any CPU
		{CF050007-CD04-BF8D-5DD0-736688762BA2}.Release|Any CPU.Build.0 = Release|Any CPU
		{358CF216-1061-7D16-2A12-617A7BAF2126}.Debug|Any CPU.ActiveCfg = Debug|Any CPU
		{358CF216-1061-7D16-2A12-617A7BAF2126}.Debug|Any CPU.Build.0 = Debug|Any CPU
		{358CF216-1061-7D16-2A12-617A7BAF2126}.Release|Any CPU.ActiveCfg = Release|Any CPU
		{358CF216-1061-7D16-2A12-617A7BAF2126}.Release|Any CPU.Build.0 = Release|Any CPU
	EndGlobalSection
	GlobalSection(SolutionProperties) = preSolution
		HideSolutionNode = FALSE
	EndGlobalSection
	GlobalSection(MonoDevelopProperties) = preSolution
		StartupItem = Assembly-CSharp.csproj
	EndGlobalSection
EndGlobal
